// !$*UTF8*$!
{
	archiveVersion = 1;
	classes = {
	};
	objectVersion = 50;
	objects = {

/* Begin PBXBuildFile section */
		7F1F6617253526910079ED19 /* URLImageModel.swift in Sources */ = {isa = PBXBuildFile; fileRef = 7F1F6616253526910079ED19 /* URLImageModel.swift */; };
		7F1F661A253537F30079ED19 /* MovieDetailModel.swift in Sources */ = {isa = PBXBuildFile; fileRef = 7F1F6619253537F20079ED19 /* MovieDetailModel.swift */; };
		7F1F661D25353A820079ED19 /* MovieDetailView.swift in Sources */ = {isa = PBXBuildFile; fileRef = 7F1F661C25353A820079ED19 /* MovieDetailView.swift */; };
		7F490046253769A4004BDDA2 /* URLImageView.swift in Sources */ = {isa = PBXBuildFile; fileRef = 7F490045253769A3004BDDA2 /* URLImageView.swift */; };
		7F9EA1DE252E3F39005B1346 /* moviesAppApp.swift in Sources */ = {isa = PBXBuildFile; fileRef = 7F9EA1DD252E3F39005B1346 /* moviesAppApp.swift */; };
		7F9EA1E0252E3F39005B1346 /* ContentView.swift in Sources */ = {isa = PBXBuildFile; fileRef = 7F9EA1DF252E3F39005B1346 /* ContentView.swift */; };
		7F9EA1E2252E3F44005B1346 /* Assets.xcassets in Resources */ = {isa = PBXBuildFile; fileRef = 7F9EA1E1252E3F44005B1346 /* Assets.xcassets */; };
		7F9EA1E5252E3F44005B1346 /* Preview Assets.xcassets in Resources */ = {isa = PBXBuildFile; fileRef = 7F9EA1E4252E3F44005B1346 /* Preview Assets.xcassets */; };
		7F9EA1F6252E528C005B1346 /* MovieService.swift in Sources */ = {isa = PBXBuildFile; fileRef = 7F9EA1F5252E528C005B1346 /* MovieService.swift */; };
		7F9EA1FA252E5371005B1346 /* Movie.swift in Sources */ = {isa = PBXBuildFile; fileRef = 7F9EA1F9252E5371005B1346 /* Movie.swift */; };
		7F9EA1FD252E5468005B1346 /* NowPlaying.swift in Sources */ = {isa = PBXBuildFile; fileRef = 7F9EA1FC252E5468005B1346 /* NowPlaying.swift */; };
		7F9EA200252E6524005B1346 /* StateController.swift in Sources */ = {isa = PBXBuildFile; fileRef = 7F9EA1FF252E6524005B1346 /* StateController.swift */; };
		7F9EA203252E69F4005B1346 /* NowPlayingView.swift in Sources */ = {isa = PBXBuildFile; fileRef = 7F9EA202252E69F4005B1346 /* NowPlayingView.swift */; };
/* End PBXBuildFile section */

/* Begin PBXFileReference section */
		7F1F6616253526910079ED19 /* URLImageModel.swift */ = {isa = PBXFileReference; lastKnownFileType = sourcecode.swift; path = URLImageModel.swift; sourceTree = "<group>"; };
		7F1F6619253537F20079ED19 /* MovieDetailModel.swift */ = {isa = PBXFileReference; lastKnownFileType = sourcecode.swift; path = MovieDetailModel.swift; sourceTree = "<group>"; };
		7F1F661C25353A820079ED19 /* MovieDetailView.swift */ = {isa = PBXFileReference; lastKnownFileType = sourcecode.swift; path = MovieDetailView.swift; sourceTree = "<group>"; };
		7F490045253769A3004BDDA2 /* URLImageView.swift */ = {isa = PBXFileReference; lastKnownFileType = sourcecode.swift; path = URLImageView.swift; sourceTree = "<group>"; };
		7F9EA1DA252E3F39005B1346 /* moviesApp.app */ = {isa = PBXFileReference; explicitFileType = wrapper.application; includeInIndex = 0; path = moviesApp.app; sourceTree = BUILT_PRODUCTS_DIR; };
		7F9EA1DD252E3F39005B1346 /* moviesAppApp.swift */ = {isa = PBXFileReference; lastKnownFileType = sourcecode.swift; path = moviesAppApp.swift; sourceTree = "<group>"; };
		7F9EA1DF252E3F39005B1346 /* ContentView.swift */ = {isa = PBXFileReference; lastKnownFileType = sourcecode.swift; path = ContentView.swift; sourceTree = "<group>"; };
		7F9EA1E1252E3F44005B1346 /* Assets.xcassets */ = {isa = PBXFileReference; lastKnownFileType = folder.assetcatalog; path = Assets.xcassets; sourceTree = "<group>"; };
		7F9EA1E4252E3F44005B1346 /* Preview Assets.xcassets */ = {isa = PBXFileReference; lastKnownFileType = folder.assetcatalog; path = "Preview Assets.xcassets"; sourceTree = "<group>"; };
		7F9EA1E6252E3F44005B1346 /* Info.plist */ = {isa = PBXFileReference; lastKnownFileType = text.plist.xml; path = Info.plist; sourceTree = "<group>"; };
		7F9EA1F5252E528C005B1346 /* MovieService.swift */ = {isa = PBXFileReference; lastKnownFileType = sourcecode.swift; path = MovieService.swift; sourceTree = "<group>"; };
		7F9EA1F9252E5371005B1346 /* Movie.swift */ = {isa = PBXFileReference; lastKnownFileType = sourcecode.swift; path = Movie.swift; sourceTree = "<group>"; };
		7F9EA1FC252E5468005B1346 /* NowPlaying.swift */ = {isa = PBXFileReference; lastKnownFileType = sourcecode.swift; path = NowPlaying.swift; sourceTree = "<group>"; };
		7F9EA1FF252E6524005B1346 /* StateController.swift */ = {isa = PBXFileReference; lastKnownFileType = sourcecode.swift; path = StateController.swift; sourceTree = "<group>"; };
		7F9EA202252E69F4005B1346 /* NowPlayingView.swift */ = {isa = PBXFileReference; lastKnownFileType = sourcecode.swift; path = NowPlayingView.swift; sourceTree = "<group>"; };
/* End PBXFileReference section */

/* Begin PBXFrameworksBuildPhase section */
		7F9EA1D7252E3F39005B1346 /* Frameworks */ = {
			isa = PBXFrameworksBuildPhase;
			buildActionMask = 2147483647;
			files = (
			);
			runOnlyForDeploymentPostprocessing = 0;
		};
/* End PBXFrameworksBuildPhase section */

/* Begin PBXGroup section */
		7F9EA1D1252E3F39005B1346 = {
			isa = PBXGroup;
			children = (
				7F9EA1DC252E3F39005B1346 /* moviesApp */,
				7F9EA1DB252E3F39005B1346 /* Products */,
			);
			sourceTree = "<group>";
		};
		7F9EA1DB252E3F39005B1346 /* Products */ = {
			isa = PBXGroup;
			children = (
				7F9EA1DA252E3F39005B1346 /* moviesApp.app */,
			);
			name = Products;
			sourceTree = "<group>";
		};
		7F9EA1DC252E3F39005B1346 /* moviesApp */ = {
			isa = PBXGroup;
			children = (
				7F9EA1DD252E3F39005B1346 /* moviesAppApp.swift */,
				7F9EA1DF252E3F39005B1346 /* ContentView.swift */,
				7F9EA1E1252E3F44005B1346 /* Assets.xcassets */,
				7F9EA1F4252E526E005B1346 /* Services */,
				7F9EA1EF252E4D13005B1346 /* Views */,
				7F9EA1F0252E4D19005B1346 /* Controllers */,
				7F9EA1EE252E4D0B005B1346 /* Model */,
				7F9EA1E6252E3F44005B1346 /* Info.plist */,
				7F9EA1E3252E3F44005B1346 /* Preview Content */,
			);
			path = moviesApp;
			sourceTree = "<group>";
		};
		7F9EA1E3252E3F44005B1346 /* Preview Content */ = {
			isa = PBXGroup;
			children = (
				7F9EA1E4252E3F44005B1346 /* Preview Assets.xcassets */,
			);
			path = "Preview Content";
			sourceTree = "<group>";
		};
		7F9EA1EE252E4D0B005B1346 /* Model */ = {
			isa = PBXGroup;
			children = (
				7F9EA1F9252E5371005B1346 /* Movie.swift */,
				7F1F6619253537F20079ED19 /* MovieDetailModel.swift */,
				7F1F6616253526910079ED19 /* URLImageModel.swift */,
				7F9EA1FC252E5468005B1346 /* NowPlaying.swift */,
			);
			path = Model;
			sourceTree = "<group>";
		};
		7F9EA1EF252E4D13005B1346 /* Views */ = {
			isa = PBXGroup;
			children = (
				7F9EA202252E69F4005B1346 /* NowPlayingView.swift */,
				7F490045253769A3004BDDA2 /* URLImageView.swift */,
				7F1F661C25353A820079ED19 /* MovieDetailView.swift */,
			);
			path = Views;
			sourceTree = "<group>";
		};
		7F9EA1F0252E4D19005B1346 /* Controllers */ = {
			isa = PBXGroup;
			children = (
				7F9EA1FF252E6524005B1346 /* StateController.swift */,
			);
			path = Controllers;
			sourceTree = "<group>";
		};
		7F9EA1F4252E526E005B1346 /* Services */ = {
			isa = PBXGroup;
			children = (
				7F9EA1F5252E528C005B1346 /* MovieService.swift */,
			);
			path = Services;
			sourceTree = "<group>";
		};
/* End PBXGroup section */

/* Begin PBXNativeTarget section */
		7F9EA1D9252E3F39005B1346 /* moviesApp */ = {
			isa = PBXNativeTarget;
			buildConfigurationList = 7F9EA1E9252E3F44005B1346 /* Build configuration list for PBXNativeTarget "moviesApp" */;
			buildPhases = (
				7F9EA1D6252E3F39005B1346 /* Sources */,
				7F9EA1D7252E3F39005B1346 /* Frameworks */,
				7F9EA1D8252E3F39005B1346 /* Resources */,
			);
			buildRules = (
			);
			dependencies = (
			);
			name = moviesApp;
			productName = moviesApp;
			productReference = 7F9EA1DA252E3F39005B1346 /* moviesApp.app */;
			productType = "com.apple.product-type.application";
		};
/* End PBXNativeTarget section */

/* Begin PBXProject section */
		7F9EA1D2252E3F39005B1346 /* Project object */ = {
			isa = PBXProject;
			attributes = {
				LastSwiftUpdateCheck = 1200;
				LastUpgradeCheck = 1200;
				TargetAttributes = {
					7F9EA1D9252E3F39005B1346 = {
						CreatedOnToolsVersion = 12.0;
					};
				};
			};
			buildConfigurationList = 7F9EA1D5252E3F39005B1346 /* Build configuration list for PBXProject "moviesApp" */;
			compatibilityVersion = "Xcode 9.3";
			developmentRegion = en;
			hasScannedForEncodings = 0;
			knownRegions = (
				en,
				Base,
			);
			mainGroup = 7F9EA1D1252E3F39005B1346;
			productRefGroup = 7F9EA1DB252E3F39005B1346 /* Products */;
			projectDirPath = "";
			projectRoot = "";
			targets = (
				7F9EA1D9252E3F39005B1346 /* moviesApp */,
			);
		};
/* End PBXProject section */

/* Begin PBXResourcesBuildPhase section */
		7F9EA1D8252E3F39005B1346 /* Resources */ = {
			isa = PBXResourcesBuildPhase;
			buildActionMask = 2147483647;
			files = (
				7F9EA1E5252E3F44005B1346 /* Preview Assets.xcassets in Resources */,
				7F9EA1E2252E3F44005B1346 /* Assets.xcassets in Resources */,
			);
			runOnlyForDeploymentPostprocessing = 0;
		};
/* End PBXResourcesBuildPhase section */

/* Begin PBXSourcesBuildPhase section */
		7F9EA1D6252E3F39005B1346 /* Sources */ = {
			isa = PBXSourcesBuildPhase;
			buildActionMask = 2147483647;
			files = (
				7F1F661D25353A820079ED19 /* MovieDetailView.swift in Sources */,
				7F9EA1F6252E528C005B1346 /* MovieService.swift in Sources */,
				7F1F661A253537F30079ED19 /* MovieDetailModel.swift in Sources */,
				7F9EA200252E6524005B1346 /* StateController.swift in Sources */,
				7F490046253769A4004BDDA2 /* URLImageView.swift in Sources */,
				7F9EA1FD252E5468005B1346 /* NowPlaying.swift in Sources */,
				7F9EA1E0252E3F39005B1346 /* ContentView.swift in Sources */,
				7F9EA1FA252E5371005B1346 /* Movie.swift in Sources */,
				7F1F6617253526910079ED19 /* URLImageModel.swift in Sources */,
				7F9EA203252E69F4005B1346 /* NowPlayingView.swift in Sources */,
				7F9EA1DE252E3F39005B1346 /* moviesAppApp.swift in Sources */,
			);
			runOnlyForDeploymentPostprocessing = 0;
		};
/* End PBXSourcesBuildPhase section */

/* Begin XCBuildConfiguration section */
		7F9EA1E7252E3F44005B1346 /* Debug */ = {
			isa = XCBuildConfiguration;
			buildSettings = {
				ALWAYS_SEARCH_USER_PATHS = NO;
				CLANG_ANALYZER_NONNULL = YES;
				CLANG_ANALYZER_NUMBER_OBJECT_CONVERSION = YES_AGGRESSIVE;
				CLANG_CXX_LANGUAGE_STANDARD = "gnu++14";
				CLANG_CXX_LIBRARY = "libc++";
				CLANG_ENABLE_MODULES = YES;
				CLANG_ENABLE_OBJC_ARC = YES;
				CLANG_ENABLE_OBJC_WEAK = YES;
				CLANG_WARN_BLOCK_CAPTURE_AUTORELEASING = YES;
				CLANG_WARN_BOOL_CONVERSION = YES;
				CLANG_WARN_COMMA = YES;
				CLANG_WARN_CONSTANT_CONVERSION = YES;
				CLANG_WARN_DEPRECATED_OBJC_IMPLEMENTATIONS = YES;
				CLANG_WARN_DIRECT_OBJC_ISA_USAGE = YES_ERROR;
				CLANG_WARN_DOCUMENTATION_COMMENTS = YES;
				CLANG_WARN_EMPTY_BODY = YES;
				CLANG_WARN_ENUM_CONVERSION = YES;
				CLANG_WARN_INFINITE_RECURSION = YES;
				CLANG_WARN_INT_CONVERSION = YES;
				CLANG_WARN_NON_LITERAL_NULL_CONVERSION = YES;
				CLANG_WARN_OBJC_IMPLICIT_RETAIN_SELF = YES;
				CLANG_WARN_OBJC_LITERAL_CONVERSION = YES;
				CLANG_WARN_OBJC_ROOT_CLASS = YES_ERROR;
				CLANG_WARN_QUOTED_INCLUDE_IN_FRAMEWORK_HEADER = YES;
				CLANG_WARN_RANGE_LOOP_ANALYSIS = YES;
				CLANG_WARN_STRICT_PROTOTYPES = YES;
				CLANG_WARN_SUSPICIOUS_MOVE = YES;
				CLANG_WARN_UNGUARDED_AVAILABILITY = YES_AGGRESSIVE;
				CLANG_WARN_UNREACHABLE_CODE = YES;
				CLANG_WARN__DUPLICATE_METHOD_MATCH = YES;
				COPY_PHASE_STRIP = NO;
				DEBUG_INFORMATION_FORMAT = dwarf;
				ENABLE_STRICT_OBJC_MSGSEND = YES;
				ENABLE_TESTABILITY = YES;
				GCC_C_LANGUAGE_STANDARD = gnu11;
				GCC_DYNAMIC_NO_PIC = NO;
				GCC_NO_COMMON_BLOCKS = YES;
				GCC_OPTIMIZATION_LEVEL = 0;
				GCC_PREPROCESSOR_DEFINITIONS = (
					"DEBUG=1",
					"$(inherited)",
				);
				GCC_WARN_64_TO_32_BIT_CONVERSION = YES;
				GCC_WARN_ABOUT_RETURN_TYPE = YES_ERROR;
				GCC_WARN_UNDECLARED_SELECTOR = YES;
				GCC_WARN_UNINITIALIZED_AUTOS = YES_AGGRESSIVE;
				GCC_WARN_UNUSED_FUNCTION = YES;
				GCC_WARN_UNUSED_VARIABLE = YES;
				IPHONEOS_DEPLOYMENT_TARGET = 14.0;
				MTL_ENABLE_DEBUG_INFO = INCLUDE_SOURCE;
				MTL_FAST_MATH = YES;
				ONLY_ACTIVE_ARCH = YES;
				SDKROOT = iphoneos;
				SWIFT_ACTIVE_COMPILATION_CONDITIONS = DEBUG;
				SWIFT_OPTIMIZATION_LEVEL = "-Onone";
			};
			name = Debug;
		};
		7F9EA1E8252E3F44005B1346 /* Release */ = {
			isa = XCBuildConfiguration;
			buildSettings = {
				ALWAYS_SEARCH_USER_PATHS = NO;
				CLANG_ANALYZER_NONNULL = YES;
				CLANG_ANALYZER_NUMBER_OBJECT_CONVERSION = YES_AGGRESSIVE;
				CLANG_CXX_LANGUAGE_STANDARD = "gnu++14";
				CLANG_CXX_LIBRARY = "libc++";
				CLANG_ENABLE_MODULES = YES;
				CLANG_ENABLE_OBJC_ARC = YES;
				CLANG_ENABLE_OBJC_WEAK = YES;
				CLANG_WARN_BLOCK_CAPTURE_AUTORELEASING = YES;
				CLANG_WARN_BOOL_CONVERSION = YES;
				CLANG_WARN_COMMA = YES;
				CLANG_WARN_CONSTANT_CONVERSION = YES;
				CLANG_WARN_DEPRECATED_OBJC_IMPLEMENTATIONS = YES;
				CLANG_WARN_DIRECT_OBJC_ISA_USAGE = YES_ERROR;
				CLANG_WARN_DOCUMENTATION_COMMENTS = YES;
				CLANG_WARN_EMPTY_BODY = YES;
				CLANG_WARN_ENUM_CONVERSION = YES;
				CLANG_WARN_INFINITE_RECURSION = YES;
				CLANG_WARN_INT_CONVERSION = YES;
				CLANG_WARN_NON_LITERAL_NULL_CONVERSION = YES;
				CLANG_WARN_OBJC_IMPLICIT_RETAIN_SELF = YES;
				CLANG_WARN_OBJC_LITERAL_CONVERSION = YES;
				CLANG_WARN_OBJC_ROOT_CLASS = YES_ERROR;
				CLANG_WARN_QUOTED_INCLUDE_IN_FRAMEWORK_HEADER = YES;
				CLANG_WARN_RANGE_LOOP_ANALYSIS = YES;
				CLANG_WARN_STRICT_PROTOTYPES = YES;
				CLANG_WARN_SUSPICIOUS_MOVE = YES;
				CLANG_WARN_UNGUARDED_AVAILABILITY = YES_AGGRESSIVE;
				CLANG_WARN_UNREACHABLE_CODE = YES;
				CLANG_WARN__DUPLICATE_METHOD_MATCH = YES;
				COPY_PHASE_STRIP = NO;
				DEBUG_INFORMATION_FORMAT = "dwarf-with-dsym";
				ENABLE_NS_ASSERTIONS = NO;
				ENABLE_STRICT_OBJC_MSGSEND = YES;
				GCC_C_LANGUAGE_STANDARD = gnu11;
				GCC_NO_COMMON_BLOCKS = YES;
				GCC_WARN_64_TO_32_BIT_CONVERSION = YES;
				GCC_WARN_ABOUT_RETURN_TYPE = YES_ERROR;
				GCC_WARN_UNDECLARED_SELECTOR = YES;
				GCC_WARN_UNINITIALIZED_AUTOS = YES_AGGRESSIVE;
				GCC_WARN_UNUSED_FUNCTION = YES;
				GCC_WARN_UNUSED_VARIABLE = YES;
				IPHONEOS_DEPLOYMENT_TARGET = 14.0;
				MTL_ENABLE_DEBUG_INFO = NO;
				MTL_FAST_MATH = YES;
				SDKROOT = iphoneos;
				SWIFT_COMPILATION_MODE = wholemodule;
				SWIFT_OPTIMIZATION_LEVEL = "-O";
				VALIDATE_PRODUCT = YES;
			};
			name = Release;
		};
		7F9EA1EA252E3F44005B1346 /* Debug */ = {
			isa = XCBuildConfiguration;
			buildSettings = {
				ASSETCATALOG_COMPILER_APPICON_NAME = AppIcon;
				ASSETCATALOG_COMPILER_GLOBAL_ACCENT_COLOR_NAME = AccentColor;
				CODE_SIGN_STYLE = Automatic;
				DEVELOPMENT_ASSET_PATHS = "\"moviesApp/Preview Content\"";
				DEVELOPMENT_TEAM = 63AJC847ZW;
				ENABLE_PREVIEWS = YES;
				INFOPLIST_FILE = moviesApp/Info.plist;
				IPHONEOS_DEPLOYMENT_TARGET = 14.0;
				LD_RUNPATH_SEARCH_PATHS = (
					"$(inherited)",
					"@executable_path/Frameworks",
				);
				PRODUCT_BUNDLE_IDENTIFIER = mx.landercorp.moviesApp;
				PRODUCT_NAME = "$(TARGET_NAME)";
				SWIFT_VERSION = 5.0;
				TARGETED_DEVICE_FAMILY = "1,2";
			};
			name = Debug;
		};
		7F9EA1EB252E3F44005B1346 /* Release */ = {
			isa = XCBuildConfiguration;
			buildSettings = {
				ASSETCATALOG_COMPILER_APPICON_NAME = AppIcon;
				ASSETCATALOG_COMPILER_GLOBAL_ACCENT_COLOR_NAME = AccentColor;
				CODE_SIGN_STYLE = Automatic;
				DEVELOPMENT_ASSET_PATHS = "\"moviesApp/Preview Content\"";
				DEVELOPMENT_TEAM = 63AJC847ZW;
				ENABLE_PREVIEWS = YES;
				INFOPLIST_FILE = moviesApp/Info.plist;
				IPHONEOS_DEPLOYMENT_TARGET = 14.0;
				LD_RUNPATH_SEARCH_PATHS = (
					"$(inherited)",
					"@executable_path/Frameworks",
				);
				PRODUCT_BUNDLE_IDENTIFIER = mx.landercorp.moviesApp;
				PRODUCT_NAME = "$(TARGET_NAME)";
				SWIFT_VERSION = 5.0;
				TARGETED_DEVICE_FAMILY = "1,2";
			};
			name = Release;
		};
/* End XCBuildConfiguration section */

/* Begin XCConfigurationList section */
		7F9EA1D5252E3F39005B1346 /* Build configuration list for PBXProject "moviesApp" */ = {
			isa = XCConfigurationList;
			buildConfigurations = (
				7F9EA1E7252E3F44005B1346 /* Debug */,
				7F9EA1E8252E3F44005B1346 /* Release */,
			);
			defaultConfigurationIsVisible = 0;
			defaultConfigurationName = Release;
		};
		7F9EA1E9252E3F44005B1346 /* Build configuration list for PBXNativeTarget "moviesApp" */ = {
			isa = XCConfigurationList;
			buildConfigurations = (
				7F9EA1EA252E3F44005B1346 /* Debug */,
				7F9EA1EB252E3F44005B1346 /* Release */,
			);
			defaultConfigurationIsVisible = 0;
			defaultConfigurationName = Release;
		};
/* End XCConfigurationList section */
	};
	rootObject = 7F9EA1D2252E3F39005B1346 /* Project object */;
}
